// !$*UTF8*$!
{
	archiveVersion = 1;
	classes = {
	};
	objectVersion = 46;
	objects = {

/* Begin PBXBuildFile section */
		369EEC741E68C0C00059042C /* RxSwift.framework in Frameworks */ = {isa = PBXBuildFile; fileRef = 369EEC4B1E68C0910059042C /* RxSwift.framework */; };
		369EEC751E68C0C00059042C /* RxSwift.framework in Embed Frameworks */ = {isa = PBXBuildFile; fileRef = 369EEC4B1E68C0910059042C /* RxSwift.framework */; settings = {ATTRIBUTES = (CodeSignOnCopy, RemoveHeadersOnCopy, ); }; };
		369EEC781E68C0C00059042C /* RxCocoa.framework in Frameworks */ = {isa = PBXBuildFile; fileRef = 369EEC531E68C0910059042C /* RxCocoa.framework */; };
		369EEC791E68C0C00059042C /* RxCocoa.framework in Embed Frameworks */ = {isa = PBXBuildFile; fileRef = 369EEC531E68C0910059042C /* RxCocoa.framework */; settings = {ATTRIBUTES = (CodeSignOnCopy, RemoveHeadersOnCopy, ); }; };
		369EEC801E68CE9A0059042C /* .gitignore in Resources */ = {isa = PBXBuildFile; fileRef = 369EEC7D1E68CE9A0059042C /* .gitignore */; };
		369EEC811E68CE9A0059042C /* Cartfile in Resources */ = {isa = PBXBuildFile; fileRef = 369EEC7E1E68CE9A0059042C /* Cartfile */; };
		369EEC821E68CE9A0059042C /* Cartfile.resolved in Resources */ = {isa = PBXBuildFile; fileRef = 369EEC7F1E68CE9A0059042C /* Cartfile.resolved */; };
		369EECA01E68D0570059042C /* SectionedCollectionViewController.swift in Sources */ = {isa = PBXBuildFile; fileRef = 369EEC9F1E68D0570059042C /* SectionedCollectionViewController.swift */; };
		369EECA21E68D07A0059042C /* GameInfo.swift in Sources */ = {isa = PBXBuildFile; fileRef = 369EECA11E68D07A0059042C /* GameInfo.swift */; };
		369EECA41E68D14F0059042C /* SectionedCollectionView.storyboard in Resources */ = {isa = PBXBuildFile; fileRef = 369EECA31E68D14F0059042C /* SectionedCollectionView.storyboard */; };
		369EECA91E68D3BE0059042C /* RxDataSources.framework in Frameworks */ = {isa = PBXBuildFile; fileRef = 369EEC901E68CFC00059042C /* RxDataSources.framework */; };
		369EECAA1E68D3BE0059042C /* RxDataSources.framework in Embed Frameworks */ = {isa = PBXBuildFile; fileRef = 369EEC901E68CFC00059042C /* RxDataSources.framework */; settings = {ATTRIBUTES = (CodeSignOnCopy, RemoveHeadersOnCopy, ); }; };
		369EECAE1E68DB780059042C /* GameHeaderCollectionReusableView.swift in Sources */ = {isa = PBXBuildFile; fileRef = 369EECAD1E68DB780059042C /* GameHeaderCollectionReusableView.swift */; };
		36C0CBD51E689EB70087784E /* AppDelegate.swift in Sources */ = {isa = PBXBuildFile; fileRef = 36C0CBD41E689EB70087784E /* AppDelegate.swift */; };
		36C0CBD71E689EB70087784E /* ViewController.swift in Sources */ = {isa = PBXBuildFile; fileRef = 36C0CBD61E689EB70087784E /* ViewController.swift */; };
		36C0CBDA1E689EB70087784E /* Main.storyboard in Resources */ = {isa = PBXBuildFile; fileRef = 36C0CBD81E689EB70087784E /* Main.storyboard */; };
		36C0CBDC1E689EB70087784E /* Assets.xcassets in Resources */ = {isa = PBXBuildFile; fileRef = 36C0CBDB1E689EB70087784E /* Assets.xcassets */; };
		36C0CBDF1E689EB70087784E /* LaunchScreen.storyboard in Resources */ = {isa = PBXBuildFile; fileRef = 36C0CBDD1E689EB70087784E /* LaunchScreen.storyboard */; };
		36C0CBEA1E689EB70087784E /* CollectionViewExampleTests.swift in Sources */ = {isa = PBXBuildFile; fileRef = 36C0CBE91E689EB70087784E /* CollectionViewExampleTests.swift */; };
		36C0CBF51E689EB80087784E /* CollectionViewExampleUITests.swift in Sources */ = {isa = PBXBuildFile; fileRef = 36C0CBF41E689EB80087784E /* CollectionViewExampleUITests.swift */; };
		36C0CC031E689F0D0087784E /* CollectionViewController.swift in Sources */ = {isa = PBXBuildFile; fileRef = 36C0CC021E689F0D0087784E /* CollectionViewController.swift */; };
		36C0CC051E689F280087784E /* CollectionView.storyboard in Resources */ = {isa = PBXBuildFile; fileRef = 36C0CC041E689F280087784E /* CollectionView.storyboard */; };
		36C0CCB11E68B8560087784E /* CollectionViewCell.swift in Sources */ = {isa = PBXBuildFile; fileRef = 36C0CCB01E68B8550087784E /* CollectionViewCell.swift */; };
		36C0CCB21E68B8560087784E /* CollectionViewCell.swift in Sources */ = {isa = PBXBuildFile; fileRef = 36C0CCB01E68B8550087784E /* CollectionViewCell.swift */; };
		36C0CCB31E68B8560087784E /* CollectionViewCell.swift in Sources */ = {isa = PBXBuildFile; fileRef = 36C0CCB01E68B8550087784E /* CollectionViewCell.swift */; };
/* End PBXBuildFile section */

/* Begin PBXContainerItemProxy section */
		369EEC4A1E68C0910059042C /* PBXContainerItemProxy */ = {
			isa = PBXContainerItemProxy;
			containerPortal = 369EEC321E68C0910059042C /* Rx.xcodeproj */;
			proxyType = 2;
			remoteGlobalIDString = C8A56AD71AD7424700B4673B;
			remoteInfo = "RxSwift-iOS";
		};
		369EEC4C1E68C0910059042C /* PBXContainerItemProxy */ = {
			isa = PBXContainerItemProxy;
			containerPortal = 369EEC321E68C0910059042C /* Rx.xcodeproj */;
			proxyType = 2;
			remoteGlobalIDString = C88BB8711B07E5ED0064D411;
			remoteInfo = "RxSwift-macOS";
		};
		369EEC4E1E68C0910059042C /* PBXContainerItemProxy */ = {
			isa = PBXContainerItemProxy;
			containerPortal = 369EEC321E68C0910059042C /* Rx.xcodeproj */;
			proxyType = 2;
			remoteGlobalIDString = D2EA280C1BB9B5A200880ED3;
			remoteInfo = "RxSwift-tvOS";
		};
		369EEC501E68C0910059042C /* PBXContainerItemProxy */ = {
			isa = PBXContainerItemProxy;
			containerPortal = 369EEC321E68C0910059042C /* Rx.xcodeproj */;
			proxyType = 2;
			remoteGlobalIDString = C8F0C0021BBBFB8B001B112F;
			remoteInfo = "RxSwift-watchOS";
		};
		369EEC521E68C0910059042C /* PBXContainerItemProxy */ = {
			isa = PBXContainerItemProxy;
			containerPortal = 369EEC321E68C0910059042C /* Rx.xcodeproj */;
			proxyType = 2;
			remoteGlobalIDString = C809396D1B8A71760088E94D;
			remoteInfo = "RxCocoa-iOS";
		};
		369EEC541E68C0910059042C /* PBXContainerItemProxy */ = {
			isa = PBXContainerItemProxy;
			containerPortal = 369EEC321E68C0910059042C /* Rx.xcodeproj */;
			proxyType = 2;
			remoteGlobalIDString = C80939E71B8A71840088E94D;
			remoteInfo = "RxCocoa-macOS";
		};
		369EEC561E68C0910059042C /* PBXContainerItemProxy */ = {
			isa = PBXContainerItemProxy;
			containerPortal = 369EEC321E68C0910059042C /* Rx.xcodeproj */;
			proxyType = 2;
			remoteGlobalIDString = D2138C751BB9BE9800339B5C;
			remoteInfo = "RxCocoa-tvOS";
		};
		369EEC581E68C0910059042C /* PBXContainerItemProxy */ = {
			isa = PBXContainerItemProxy;
			containerPortal = 369EEC321E68C0910059042C /* Rx.xcodeproj */;
			proxyType = 2;
			remoteGlobalIDString = C8F0C04B1BBBFBB9001B112F;
			remoteInfo = "RxCocoa-watchOS";
		};
		369EEC5A1E68C0910059042C /* PBXContainerItemProxy */ = {
			isa = PBXContainerItemProxy;
			containerPortal = 369EEC321E68C0910059042C /* Rx.xcodeproj */;
			proxyType = 2;
			remoteGlobalIDString = C8093BC71B8A71F00088E94D;
			remoteInfo = "RxBlocking-iOS";
		};
		369EEC5C1E68C0910059042C /* PBXContainerItemProxy */ = {
			isa = PBXContainerItemProxy;
			containerPortal = 369EEC321E68C0910059042C /* Rx.xcodeproj */;
			proxyType = 2;
			remoteGlobalIDString = C8093C451B8A71FC0088E94D;
			remoteInfo = "RxBlocking-macOS";
		};
		369EEC5E1E68C0910059042C /* PBXContainerItemProxy */ = {
			isa = PBXContainerItemProxy;
			containerPortal = 369EEC321E68C0910059042C /* Rx.xcodeproj */;
			proxyType = 2;
			remoteGlobalIDString = D2EBEB811BB9B99D003A27DC;
			remoteInfo = "RxBlocking-tvOS";
		};
		369EEC601E68C0910059042C /* PBXContainerItemProxy */ = {
			isa = PBXContainerItemProxy;
			containerPortal = 369EEC321E68C0910059042C /* Rx.xcodeproj */;
			proxyType = 2;
			remoteGlobalIDString = C8F0C0581BBBFBCE001B112F;
			remoteInfo = "RxBlocking-watchOS";
		};
		369EEC621E68C0910059042C /* PBXContainerItemProxy */ = {
			isa = PBXContainerItemProxy;
			containerPortal = 369EEC321E68C0910059042C /* Rx.xcodeproj */;
			proxyType = 2;
			remoteGlobalIDString = C88FA50C1C25C44800CCFEA4;
			remoteInfo = "RxTest-iOS";
		};
		369EEC641E68C0910059042C /* PBXContainerItemProxy */ = {
			isa = PBXContainerItemProxy;
			containerPortal = 369EEC321E68C0910059042C /* Rx.xcodeproj */;
			proxyType = 2;
			remoteGlobalIDString = C88FA51D1C25C4B500CCFEA4;
			remoteInfo = "RxTest-macOS";
		};
		369EEC661E68C0910059042C /* PBXContainerItemProxy */ = {
			isa = PBXContainerItemProxy;
			containerPortal = 369EEC321E68C0910059042C /* Rx.xcodeproj */;
			proxyType = 2;
			remoteGlobalIDString = C88FA52E1C25C4C000CCFEA4;
			remoteInfo = "RxTest-tvOS";
		};
		369EEC681E68C0910059042C /* PBXContainerItemProxy */ = {
			isa = PBXContainerItemProxy;
			containerPortal = 369EEC321E68C0910059042C /* Rx.xcodeproj */;
			proxyType = 2;
			remoteGlobalIDString = C88FA53F1C25C4CC00CCFEA4;
			remoteInfo = "RxTest-watchOS";
		};
		369EEC6A1E68C0910059042C /* PBXContainerItemProxy */ = {
			isa = PBXContainerItemProxy;
			containerPortal = 369EEC321E68C0910059042C /* Rx.xcodeproj */;
			proxyType = 2;
			remoteGlobalIDString = C83508C31C386F6F0027C24C;
			remoteInfo = "AllTests-iOS";
		};
		369EEC6C1E68C0910059042C /* PBXContainerItemProxy */ = {
			isa = PBXContainerItemProxy;
			containerPortal = 369EEC321E68C0910059042C /* Rx.xcodeproj */;
			proxyType = 2;
			remoteGlobalIDString = C83509841C38740E0027C24C;
			remoteInfo = "AllTests-tvOS";
		};
		369EEC6E1E68C0910059042C /* PBXContainerItemProxy */ = {
			isa = PBXContainerItemProxy;
			containerPortal = 369EEC321E68C0910059042C /* Rx.xcodeproj */;
			proxyType = 2;
			remoteGlobalIDString = C83509941C38742C0027C24C;
			remoteInfo = "AllTests-macOS";
		};
		369EEC701E68C0910059042C /* PBXContainerItemProxy */ = {
			isa = PBXContainerItemProxy;
			containerPortal = 369EEC321E68C0910059042C /* Rx.xcodeproj */;
			proxyType = 2;
			remoteGlobalIDString = C85BA04B1C3878740075D68E;
			remoteInfo = Microoptimizations;
		};
		369EEC721E68C0910059042C /* PBXContainerItemProxy */ = {
			isa = PBXContainerItemProxy;
			containerPortal = 369EEC321E68C0910059042C /* Rx.xcodeproj */;
			proxyType = 2;
			remoteGlobalIDString = C8E8BA551E2C181A00A4AC2C;
			remoteInfo = Benchmarks;
		};
		369EEC761E68C0C00059042C /* PBXContainerItemProxy */ = {
			isa = PBXContainerItemProxy;
			containerPortal = 369EEC321E68C0910059042C /* Rx.xcodeproj */;
			proxyType = 1;
			remoteGlobalIDString = C8A56AD61AD7424700B4673B;
			remoteInfo = "RxSwift-iOS";
		};
		369EEC7A1E68C0C00059042C /* PBXContainerItemProxy */ = {
			isa = PBXContainerItemProxy;
			containerPortal = 369EEC321E68C0910059042C /* Rx.xcodeproj */;
			proxyType = 1;
			remoteGlobalIDString = C80938F51B8A71760088E94D;
			remoteInfo = "RxCocoa-iOS";
		};
		369EEC8F1E68CFC00059042C /* PBXContainerItemProxy */ = {
			isa = PBXContainerItemProxy;
			containerPortal = 369EEC831E68CFC00059042C /* RxDataSources.xcodeproj */;
			proxyType = 2;
			remoteGlobalIDString = C8984C5A1C36AF35001E4272;
			remoteInfo = "RxDataSources-iOS";
		};
		369EEC911E68CFC00059042C /* PBXContainerItemProxy */ = {
			isa = PBXContainerItemProxy;
			containerPortal = 369EEC831E68CFC00059042C /* RxDataSources.xcodeproj */;
			proxyType = 2;
			remoteGlobalIDString = 9FCDA1631C3AF49A000F5F94;
			remoteInfo = "RxDataSources-tvOS";
		};
		369EEC931E68CFC00059042C /* PBXContainerItemProxy */ = {
			isa = PBXContainerItemProxy;
			containerPortal = 369EEC831E68CFC00059042C /* RxDataSources.xcodeproj */;
			proxyType = 2;
			remoteGlobalIDString = C8984C9B1C36B6FA001E4272;
			remoteInfo = Example;
		};
		369EEC951E68CFC00059042C /* PBXContainerItemProxy */ = {
			isa = PBXContainerItemProxy;
			containerPortal = 369EEC831E68CFC00059042C /* RxDataSources.xcodeproj */;
			proxyType = 2;
			remoteGlobalIDString = C8984CB11C36B723001E4272;
			remoteInfo = ExampleUITests;
		};
		369EEC971E68CFC00059042C /* PBXContainerItemProxy */ = {
			isa = PBXContainerItemProxy;
			containerPortal = 369EEC831E68CFC00059042C /* RxDataSources.xcodeproj */;
			proxyType = 2;
			remoteGlobalIDString = C8BB765B1C4C3DD4002B21C8;
			remoteInfo = "Example-Carthage";
		};
		369EEC991E68CFC00059042C /* PBXContainerItemProxy */ = {
			isa = PBXContainerItemProxy;
			containerPortal = 369EEC831E68CFC00059042C /* RxDataSources.xcodeproj */;
			proxyType = 2;
			remoteGlobalIDString = C81905AE1DEA019100AE679C;
			remoteInfo = Tests;
		};
		369EECAB1E68D3BE0059042C /* PBXContainerItemProxy */ = {
			isa = PBXContainerItemProxy;
			containerPortal = 369EEC831E68CFC00059042C /* RxDataSources.xcodeproj */;
			proxyType = 1;
			remoteGlobalIDString = C8984C591C36AF35001E4272;
			remoteInfo = "RxDataSources-iOS";
		};
		36C0CBE61E689EB70087784E /* PBXContainerItemProxy */ = {
			isa = PBXContainerItemProxy;
			containerPortal = 36C0CBC91E689EB70087784E /* Project object */;
			proxyType = 1;
			remoteGlobalIDString = 36C0CBD01E689EB70087784E;
			remoteInfo = CollectionViewExample;
		};
		36C0CBF11E689EB70087784E /* PBXContainerItemProxy */ = {
			isa = PBXContainerItemProxy;
			containerPortal = 36C0CBC91E689EB70087784E /* Project object */;
			proxyType = 1;
			remoteGlobalIDString = 36C0CBD01E689EB70087784E;
			remoteInfo = CollectionViewExample;
		};
/* End PBXContainerItemProxy section */

/* Begin PBXCopyFilesBuildPhase section */
		36C0CCAE1E68AA1F0087784E /* Embed Frameworks */ = {
			isa = PBXCopyFilesBuildPhase;
			buildActionMask = 2147483647;
			dstPath = "";
			dstSubfolderSpec = 10;
			files = (
				369EECAA1E68D3BE0059042C /* RxDataSources.framework in Embed Frameworks */,
				369EEC791E68C0C00059042C /* RxCocoa.framework in Embed Frameworks */,
				369EEC751E68C0C00059042C /* RxSwift.framework in Embed Frameworks */,
			);
			name = "Embed Frameworks";
			runOnlyForDeploymentPostprocessing = 0;
		};
/* End PBXCopyFilesBuildPhase section */

/* Begin PBXFileReference section */
		369EEC321E68C0910059042C /* Rx.xcodeproj */ = {isa = PBXFileReference; lastKnownFileType = "wrapper.pb-project"; name = Rx.xcodeproj; path = Carthage/Checkouts/RxSwift/Rx.xcodeproj; sourceTree = "<group>"; };
		369EEC7D1E68CE9A0059042C /* .gitignore */ = {isa = PBXFileReference; fileEncoding = 4; lastKnownFileType = text; path = .gitignore; sourceTree = "<group>"; };
		369EEC7E1E68CE9A0059042C /* Cartfile */ = {isa = PBXFileReference; fileEncoding = 4; lastKnownFileType = text; path = Cartfile; sourceTree = "<group>"; };
		369EEC7F1E68CE9A0059042C /* Cartfile.resolved */ = {isa = PBXFileReference; fileEncoding = 4; lastKnownFileType = text; path = Cartfile.resolved; sourceTree = "<group>"; };
		369EEC831E68CFC00059042C /* RxDataSources.xcodeproj */ = {isa = PBXFileReference; lastKnownFileType = "wrapper.pb-project"; name = RxDataSources.xcodeproj; path = Carthage/Checkouts/RxDataSources/RxDataSources.xcodeproj; sourceTree = "<group>"; };
		369EEC9F1E68D0570059042C /* SectionedCollectionViewController.swift */ = {isa = PBXFileReference; fileEncoding = 4; lastKnownFileType = sourcecode.swift; path = SectionedCollectionViewController.swift; sourceTree = "<group>"; };
		369EECA11E68D07A0059042C /* GameInfo.swift */ = {isa = PBXFileReference; fileEncoding = 4; lastKnownFileType = sourcecode.swift; path = GameInfo.swift; sourceTree = "<group>"; };
		369EECA31E68D14F0059042C /* SectionedCollectionView.storyboard */ = {isa = PBXFileReference; fileEncoding = 4; lastKnownFileType = file.storyboard; path = SectionedCollectionView.storyboard; sourceTree = "<group>"; };
		369EECAD1E68DB780059042C /* GameHeaderCollectionReusableView.swift */ = {isa = PBXFileReference; fileEncoding = 4; lastKnownFileType = sourcecode.swift; path = GameHeaderCollectionReusableView.swift; sourceTree = "<group>"; };
		36C0CBD11E689EB70087784E /* CollectionViewExample.app */ = {isa = PBXFileReference; explicitFileType = wrapper.application; includeInIndex = 0; path = CollectionViewExample.app; sourceTree = BUILT_PRODUCTS_DIR; };
		36C0CBD41E689EB70087784E /* AppDelegate.swift */ = {isa = PBXFileReference; lastKnownFileType = sourcecode.swift; path = AppDelegate.swift; sourceTree = "<group>"; };
		36C0CBD61E689EB70087784E /* ViewController.swift */ = {isa = PBXFileReference; lastKnownFileType = sourcecode.swift; path = ViewController.swift; sourceTree = "<group>"; };
		36C0CBD91E689EB70087784E /* Base */ = {isa = PBXFileReference; lastKnownFileType = file.storyboard; name = Base; path = Base.lproj/Main.storyboard; sourceTree = "<group>"; };
		36C0CBDB1E689EB70087784E /* Assets.xcassets */ = {isa = PBXFileReference; lastKnownFileType = folder.assetcatalog; path = Assets.xcassets; sourceTree = "<group>"; };
		36C0CBDE1E689EB70087784E /* Base */ = {isa = PBXFileReference; lastKnownFileType = file.storyboard; name = Base; path = Base.lproj/LaunchScreen.storyboard; sourceTree = "<group>"; };
		36C0CBE01E689EB70087784E /* Info.plist */ = {isa = PBXFileReference; lastKnownFileType = text.plist.xml; path = Info.plist; sourceTree = "<group>"; };
		36C0CBE51E689EB70087784E /* CollectionViewExampleTests.xctest */ = {isa = PBXFileReference; explicitFileType = wrapper.cfbundle; includeInIndex = 0; path = CollectionViewExampleTests.xctest; sourceTree = BUILT_PRODUCTS_DIR; };
		36C0CBE91E689EB70087784E /* CollectionViewExampleTests.swift */ = {isa = PBXFileReference; lastKnownFileType = sourcecode.swift; path = CollectionViewExampleTests.swift; sourceTree = "<group>"; };
		36C0CBEB1E689EB70087784E /* Info.plist */ = {isa = PBXFileReference; lastKnownFileType = text.plist.xml; path = Info.plist; sourceTree = "<group>"; };
		36C0CBF01E689EB70087784E /* CollectionViewExampleUITests.xctest */ = {isa = PBXFileReference; explicitFileType = wrapper.cfbundle; includeInIndex = 0; path = CollectionViewExampleUITests.xctest; sourceTree = BUILT_PRODUCTS_DIR; };
		36C0CBF41E689EB80087784E /* CollectionViewExampleUITests.swift */ = {isa = PBXFileReference; lastKnownFileType = sourcecode.swift; path = CollectionViewExampleUITests.swift; sourceTree = "<group>"; };
		36C0CBF61E689EB80087784E /* Info.plist */ = {isa = PBXFileReference; lastKnownFileType = text.plist.xml; path = Info.plist; sourceTree = "<group>"; };
		36C0CC021E689F0D0087784E /* CollectionViewController.swift */ = {isa = PBXFileReference; fileEncoding = 4; lastKnownFileType = sourcecode.swift; path = CollectionViewController.swift; sourceTree = "<group>"; };
		36C0CC041E689F280087784E /* CollectionView.storyboard */ = {isa = PBXFileReference; fileEncoding = 4; lastKnownFileType = file.storyboard; path = CollectionView.storyboard; sourceTree = "<group>"; };
		36C0CCB01E68B8550087784E /* CollectionViewCell.swift */ = {isa = PBXFileReference; fileEncoding = 4; lastKnownFileType = sourcecode.swift; path = CollectionViewCell.swift; sourceTree = "<group>"; };
/* End PBXFileReference section */

/* Begin PBXFrameworksBuildPhase section */
		36C0CBCE1E689EB70087784E /* Frameworks */ = {
			isa = PBXFrameworksBuildPhase;
			buildActionMask = 2147483647;
			files = (
				369EECA91E68D3BE0059042C /* RxDataSources.framework in Frameworks */,
				369EEC781E68C0C00059042C /* RxCocoa.framework in Frameworks */,
				369EEC741E68C0C00059042C /* RxSwift.framework in Frameworks */,
			);
			runOnlyForDeploymentPostprocessing = 0;
		};
		36C0CBE21E689EB70087784E /* Frameworks */ = {
			isa = PBXFrameworksBuildPhase;
			buildActionMask = 2147483647;
			files = (
			);
			runOnlyForDeploymentPostprocessing = 0;
		};
		36C0CBED1E689EB70087784E /* Frameworks */ = {
			isa = PBXFrameworksBuildPhase;
			buildActionMask = 2147483647;
			files = (
			);
			runOnlyForDeploymentPostprocessing = 0;
		};
/* End PBXFrameworksBuildPhase section */

/* Begin PBXGroup section */
		369EEC331E68C0910059042C /* Products */ = {
			isa = PBXGroup;
			children = (
				369EEC4B1E68C0910059042C /* RxSwift.framework */,
				369EEC4D1E68C0910059042C /* RxSwift.framework */,
				369EEC4F1E68C0910059042C /* RxSwift.framework */,
				369EEC511E68C0910059042C /* RxSwift.framework */,
				369EEC531E68C0910059042C /* RxCocoa.framework */,
				369EEC551E68C0910059042C /* RxCocoa.framework */,
				369EEC571E68C0910059042C /* RxCocoa.framework */,
				369EEC591E68C0910059042C /* RxCocoa.framework */,
				369EEC5B1E68C0910059042C /* RxBlocking.framework */,
				369EEC5D1E68C0910059042C /* RxBlocking.framework */,
				369EEC5F1E68C0910059042C /* RxBlocking.framework */,
				369EEC611E68C0910059042C /* RxBlocking.framework */,
				369EEC631E68C0910059042C /* RxTest.framework */,
				369EEC651E68C0910059042C /* RxTest.framework */,
				369EEC671E68C0910059042C /* RxTest.framework */,
				369EEC691E68C0910059042C /* RxTest.framework */,
				369EEC6B1E68C0910059042C /* AllTests-iOS.xctest */,
				369EEC6D1E68C0910059042C /* AllTests-tvOS.xctest */,
				369EEC6F1E68C0910059042C /* AllTests-macOS.xctest */,
				369EEC711E68C0910059042C /* PerformanceTests.app */,
				369EEC731E68C0910059042C /* Benchmarks.xctest */,
			);
			name = Products;
			sourceTree = "<group>";
		};
		369EEC7C1E68CE890059042C /* Config */ = {
			isa = PBXGroup;
			children = (
				369EEC7D1E68CE9A0059042C /* .gitignore */,
				369EEC7E1E68CE9A0059042C /* Cartfile */,
				369EEC7F1E68CE9A0059042C /* Cartfile.resolved */,
			);
			name = Config;
			sourceTree = "<group>";
		};
		369EEC841E68CFC00059042C /* Products */ = {
			isa = PBXGroup;
			children = (
				369EEC901E68CFC00059042C /* RxDataSources.framework */,
				369EEC921E68CFC00059042C /* RxDataSources.framework */,
				369EEC941E68CFC00059042C /* Example.app */,
				369EEC961E68CFC00059042C /* ExampleUITests.xctest */,
				369EEC981E68CFC00059042C /* Example-Carthage.app */,
				369EEC9A1E68CFC00059042C /* Tests.xctest */,
			);
			name = Products;
			sourceTree = "<group>";
		};
		36C0CBC81E689EB70087784E = {
			isa = PBXGroup;
			children = (
				369EEC7C1E68CE890059042C /* Config */,
				36C0CBD31E689EB70087784E /* CollectionViewExample */,
				36C0CBE81E689EB70087784E /* CollectionViewExampleTests */,
				36C0CBF31E689EB80087784E /* CollectionViewExampleUITests */,
				36C0CCA51E68A9B80087784E /* Dependencies */,
				36C0CBD21E689EB70087784E /* Products */,
			);
			sourceTree = "<group>";
		};
		36C0CBD21E689EB70087784E /* Products */ = {
			isa = PBXGroup;
			children = (
				36C0CBD11E689EB70087784E /* CollectionViewExample.app */,
				36C0CBE51E689EB70087784E /* CollectionViewExampleTests.xctest */,
				36C0CBF01E689EB70087784E /* CollectionViewExampleUITests.xctest */,
			);
			name = Products;
			sourceTree = "<group>";
		};
		36C0CBD31E689EB70087784E /* CollectionViewExample */ = {
			isa = PBXGroup;
			children = (
				36C0CBD41E689EB70087784E /* AppDelegate.swift */,
				36C0CBD61E689EB70087784E /* ViewController.swift */,
				36C0CBD81E689EB70087784E /* Main.storyboard */,
				36C0CBDB1E689EB70087784E /* Assets.xcassets */,
				36C0CBDD1E689EB70087784E /* LaunchScreen.storyboard */,
				36C0CBE01E689EB70087784E /* Info.plist */,
				36C0CC021E689F0D0087784E /* CollectionViewController.swift */,
				36C0CC041E689F280087784E /* CollectionView.storyboard */,
				36C0CCB01E68B8550087784E /* CollectionViewCell.swift */,
				369EEC9F1E68D0570059042C /* SectionedCollectionViewController.swift */,
				369EECA31E68D14F0059042C /* SectionedCollectionView.storyboard */,
				369EECA11E68D07A0059042C /* GameInfo.swift */,
				369EECAD1E68DB780059042C /* GameHeaderCollectionReusableView.swift */,
			);
			path = CollectionViewExample;
			sourceTree = "<group>";
		};
		36C0CBE81E689EB70087784E /* CollectionViewExampleTests */ = {
			isa = PBXGroup;
			children = (
				36C0CBE91E689EB70087784E /* CollectionViewExampleTests.swift */,
				36C0CBEB1E689EB70087784E /* Info.plist */,
			);
			path = CollectionViewExampleTests;
			sourceTree = "<group>";
		};
		36C0CBF31E689EB80087784E /* CollectionViewExampleUITests */ = {
			isa = PBXGroup;
			children = (
				36C0CBF41E689EB80087784E /* CollectionViewExampleUITests.swift */,
				36C0CBF61E689EB80087784E /* Info.plist */,
			);
			path = CollectionViewExampleUITests;
			sourceTree = "<group>";
		};
		36C0CCA51E68A9B80087784E /* Dependencies */ = {
			isa = PBXGroup;
			children = (
				369EEC831E68CFC00059042C /* RxDataSources.xcodeproj */,
				369EEC321E68C0910059042C /* Rx.xcodeproj */,
			);
			name = Dependencies;
			sourceTree = "<group>";
		};
/* End PBXGroup section */

/* Begin PBXNativeTarget section */
		36C0CBD01E689EB70087784E /* CollectionViewExample */ = {
			isa = PBXNativeTarget;
			buildConfigurationList = 36C0CBF91E689EB80087784E /* Build configuration list for PBXNativeTarget "CollectionViewExample" */;
			buildPhases = (
				36C0CBCD1E689EB70087784E /* Sources */,
				36C0CBCE1E689EB70087784E /* Frameworks */,
				36C0CBCF1E689EB70087784E /* Resources */,
				36C0CCAE1E68AA1F0087784E /* Embed Frameworks */,
			);
			buildRules = (
			);
			dependencies = (
				369EEC771E68C0C00059042C /* PBXTargetDependency */,
				369EEC7B1E68C0C00059042C /* PBXTargetDependency */,
				369EECAC1E68D3BE0059042C /* PBXTargetDependency */,
			);
			name = CollectionViewExample;
			productName = CollectionViewExample;
			productReference = 36C0CBD11E689EB70087784E /* CollectionViewExample.app */;
			productType = "com.apple.product-type.application";
		};
		36C0CBE41E689EB70087784E /* CollectionViewExampleTests */ = {
			isa = PBXNativeTarget;
			buildConfigurationList = 36C0CBFC1E689EB80087784E /* Build configuration list for PBXNativeTarget "CollectionViewExampleTests" */;
			buildPhases = (
				36C0CBE11E689EB70087784E /* Sources */,
				36C0CBE21E689EB70087784E /* Frameworks */,
				36C0CBE31E689EB70087784E /* Resources */,
			);
			buildRules = (
			);
			dependencies = (
				36C0CBE71E689EB70087784E /* PBXTargetDependency */,
			);
			name = CollectionViewExampleTests;
			productName = CollectionViewExampleTests;
			productReference = 36C0CBE51E689EB70087784E /* CollectionViewExampleTests.xctest */;
			productType = "com.apple.product-type.bundle.unit-test";
		};
		36C0CBEF1E689EB70087784E /* CollectionViewExampleUITests */ = {
			isa = PBXNativeTarget;
			buildConfigurationList = 36C0CBFF1E689EB80087784E /* Build configuration list for PBXNativeTarget "CollectionViewExampleUITests" */;
			buildPhases = (
				36C0CBEC1E689EB70087784E /* Sources */,
				36C0CBED1E689EB70087784E /* Frameworks */,
				36C0CBEE1E689EB70087784E /* Resources */,
			);
			buildRules = (
			);
			dependencies = (
				36C0CBF21E689EB70087784E /* PBXTargetDependency */,
			);
			name = CollectionViewExampleUITests;
			productName = CollectionViewExampleUITests;
			productReference = 36C0CBF01E689EB70087784E /* CollectionViewExampleUITests.xctest */;
			productType = "com.apple.product-type.bundle.ui-testing";
		};
/* End PBXNativeTarget section */

/* Begin PBXProject section */
		36C0CBC91E689EB70087784E /* Project object */ = {
			isa = PBXProject;
			attributes = {
				LastSwiftUpdateCheck = 0820;
				LastUpgradeCheck = 0820;
				ORGANIZATIONNAME = "LEXI LABS";
				TargetAttributes = {
					36C0CBD01E689EB70087784E = {
						CreatedOnToolsVersion = 8.2.1;
						DevelopmentTeam = 4Q93294747;
						ProvisioningStyle = Automatic;
					};
					36C0CBE41E689EB70087784E = {
						CreatedOnToolsVersion = 8.2.1;
						DevelopmentTeam = 4Q93294747;
						ProvisioningStyle = Automatic;
						TestTargetID = 36C0CBD01E689EB70087784E;
					};
					36C0CBEF1E689EB70087784E = {
						CreatedOnToolsVersion = 8.2.1;
						DevelopmentTeam = 4Q93294747;
						ProvisioningStyle = Automatic;
						TestTargetID = 36C0CBD01E689EB70087784E;
					};
				};
			};
			buildConfigurationList = 36C0CBCC1E689EB70087784E /* Build configuration list for PBXProject "CollectionViewExample" */;
			compatibilityVersion = "Xcode 3.2";
			developmentRegion = English;
			hasScannedForEncodings = 0;
			knownRegions = (
				en,
				Base,
			);
			mainGroup = 36C0CBC81E689EB70087784E;
			productRefGroup = 36C0CBD21E689EB70087784E /* Products */;
			projectDirPath = "";
			projectReferences = (
				{
					ProductGroup = 369EEC331E68C0910059042C /* Products */;
					ProjectRef = 369EEC321E68C0910059042C /* Rx.xcodeproj */;
				},
				{
					ProductGroup = 369EEC841E68CFC00059042C /* Products */;
					ProjectRef = 369EEC831E68CFC00059042C /* RxDataSources.xcodeproj */;
				},
			);
			projectRoot = "";
			targets = (
				36C0CBD01E689EB70087784E /* CollectionViewExample */,
				36C0CBE41E689EB70087784E /* CollectionViewExampleTests */,
				36C0CBEF1E689EB70087784E /* CollectionViewExampleUITests */,
			);
		};
/* End PBXProject section */

/* Begin PBXReferenceProxy section */
		369EEC4B1E68C0910059042C /* RxSwift.framework */ = {
			isa = PBXReferenceProxy;
			fileType = wrapper.framework;
			path = RxSwift.framework;
			remoteRef = 369EEC4A1E68C0910059042C /* PBXContainerItemProxy */;
			sourceTree = BUILT_PRODUCTS_DIR;
		};
		369EEC4D1E68C0910059042C /* RxSwift.framework */ = {
			isa = PBXReferenceProxy;
			fileType = wrapper.framework;
			path = RxSwift.framework;
			remoteRef = 369EEC4C1E68C0910059042C /* PBXContainerItemProxy */;
			sourceTree = BUILT_PRODUCTS_DIR;
		};
		369EEC4F1E68C0910059042C /* RxSwift.framework */ = {
			isa = PBXReferenceProxy;
			fileType = wrapper.framework;
			path = RxSwift.framework;
			remoteRef = 369EEC4E1E68C0910059042C /* PBXContainerItemProxy */;
			sourceTree = BUILT_PRODUCTS_DIR;
		};
		369EEC511E68C0910059042C /* RxSwift.framework */ = {
			isa = PBXReferenceProxy;
			fileType = wrapper.framework;
			path = RxSwift.framework;
			remoteRef = 369EEC501E68C0910059042C /* PBXContainerItemProxy */;
			sourceTree = BUILT_PRODUCTS_DIR;
		};
		369EEC531E68C0910059042C /* RxCocoa.framework */ = {
			isa = PBXReferenceProxy;
			fileType = wrapper.framework;
			path = RxCocoa.framework;
			remoteRef = 369EEC521E68C0910059042C /* PBXContainerItemProxy */;
			sourceTree = BUILT_PRODUCTS_DIR;
		};
		369EEC551E68C0910059042C /* RxCocoa.framework */ = {
			isa = PBXReferenceProxy;
			fileType = wrapper.framework;
			path = RxCocoa.framework;
			remoteRef = 369EEC541E68C0910059042C /* PBXContainerItemProxy */;
			sourceTree = BUILT_PRODUCTS_DIR;
		};
		369EEC571E68C0910059042C /* RxCocoa.framework */ = {
			isa = PBXReferenceProxy;
			fileType = wrapper.framework;
			path = RxCocoa.framework;
			remoteRef = 369EEC561E68C0910059042C /* PBXContainerItemProxy */;
			sourceTree = BUILT_PRODUCTS_DIR;
		};
		369EEC591E68C0910059042C /* RxCocoa.framework */ = {
			isa = PBXReferenceProxy;
			fileType = wrapper.framework;
			path = RxCocoa.framework;
			remoteRef = 369EEC581E68C0910059042C /* PBXContainerItemProxy */;
			sourceTree = BUILT_PRODUCTS_DIR;
		};
		369EEC5B1E68C0910059042C /* RxBlocking.framework */ = {
			isa = PBXReferenceProxy;
			fileType = wrapper.framework;
			path = RxBlocking.framework;
			remoteRef = 369EEC5A1E68C0910059042C /* PBXContainerItemProxy */;
			sourceTree = BUILT_PRODUCTS_DIR;
		};
		369EEC5D1E68C0910059042C /* RxBlocking.framework */ = {
			isa = PBXReferenceProxy;
			fileType = wrapper.framework;
			path = RxBlocking.framework;
			remoteRef = 369EEC5C1E68C0910059042C /* PBXContainerItemProxy */;
			sourceTree = BUILT_PRODUCTS_DIR;
		};
		369EEC5F1E68C0910059042C /* RxBlocking.framework */ = {
			isa = PBXReferenceProxy;
			fileType = wrapper.framework;
			path = RxBlocking.framework;
			remoteRef = 369EEC5E1E68C0910059042C /* PBXContainerItemProxy */;
			sourceTree = BUILT_PRODUCTS_DIR;
		};
		369EEC611E68C0910059042C /* RxBlocking.framework */ = {
			isa = PBXReferenceProxy;
			fileType = wrapper.framework;
			path = RxBlocking.framework;
			remoteRef = 369EEC601E68C0910059042C /* PBXContainerItemProxy */;
			sourceTree = BUILT_PRODUCTS_DIR;
		};
		369EEC631E68C0910059042C /* RxTest.framework */ = {
			isa = PBXReferenceProxy;
			fileType = wrapper.framework;
			path = RxTest.framework;
			remoteRef = 369EEC621E68C0910059042C /* PBXContainerItemProxy */;
			sourceTree = BUILT_PRODUCTS_DIR;
		};
		369EEC651E68C0910059042C /* RxTest.framework */ = {
			isa = PBXReferenceProxy;
			fileType = wrapper.framework;
			path = RxTest.framework;
			remoteRef = 369EEC641E68C0910059042C /* PBXContainerItemProxy */;
			sourceTree = BUILT_PRODUCTS_DIR;
		};
		369EEC671E68C0910059042C /* RxTest.framework */ = {
			isa = PBXReferenceProxy;
			fileType = wrapper.framework;
			path = RxTest.framework;
			remoteRef = 369EEC661E68C0910059042C /* PBXContainerItemProxy */;
			sourceTree = BUILT_PRODUCTS_DIR;
		};
		369EEC691E68C0910059042C /* RxTest.framework */ = {
			isa = PBXReferenceProxy;
			fileType = wrapper.framework;
			path = RxTest.framework;
			remoteRef = 369EEC681E68C0910059042C /* PBXContainerItemProxy */;
			sourceTree = BUILT_PRODUCTS_DIR;
		};
		369EEC6B1E68C0910059042C /* AllTests-iOS.xctest */ = {
			isa = PBXReferenceProxy;
			fileType = wrapper.cfbundle;
			path = "AllTests-iOS.xctest";
			remoteRef = 369EEC6A1E68C0910059042C /* PBXContainerItemProxy */;
			sourceTree = BUILT_PRODUCTS_DIR;
		};
		369EEC6D1E68C0910059042C /* AllTests-tvOS.xctest */ = {
			isa = PBXReferenceProxy;
			fileType = wrapper.cfbundle;
			path = "AllTests-tvOS.xctest";
			remoteRef = 369EEC6C1E68C0910059042C /* PBXContainerItemProxy */;
			sourceTree = BUILT_PRODUCTS_DIR;
		};
		369EEC6F1E68C0910059042C /* AllTests-macOS.xctest */ = {
			isa = PBXReferenceProxy;
			fileType = wrapper.cfbundle;
			path = "AllTests-macOS.xctest";
			remoteRef = 369EEC6E1E68C0910059042C /* PBXContainerItemProxy */;
			sourceTree = BUILT_PRODUCTS_DIR;
		};
		369EEC711E68C0910059042C /* PerformanceTests.app */ = {
			isa = PBXReferenceProxy;
			fileType = wrapper.application;
			name = PerformanceTests.app;
			path = Microoptimizations.app;
			remoteRef = 369EEC701E68C0910059042C /* PBXContainerItemProxy */;
			sourceTree = BUILT_PRODUCTS_DIR;
		};
		369EEC731E68C0910059042C /* Benchmarks.xctest */ = {
			isa = PBXReferenceProxy;
			fileType = wrapper.cfbundle;
			path = Benchmarks.xctest;
			remoteRef = 369EEC721E68C0910059042C /* PBXContainerItemProxy */;
			sourceTree = BUILT_PRODUCTS_DIR;
		};
		369EEC901E68CFC00059042C /* RxDataSources.framework */ = {
			isa = PBXReferenceProxy;
			fileType = wrapper.framework;
			path = RxDataSources.framework;
			remoteRef = 369EEC8F1E68CFC00059042C /* PBXContainerItemProxy */;
			sourceTree = BUILT_PRODUCTS_DIR;
		};
		369EEC921E68CFC00059042C /* RxDataSources.framework */ = {
			isa = PBXReferenceProxy;
			fileType = wrapper.framework;
			path = RxDataSources.framework;
			remoteRef = 369EEC911E68CFC00059042C /* PBXContainerItemProxy */;
			sourceTree = BUILT_PRODUCTS_DIR;
		};
		369EEC941E68CFC00059042C /* Example.app */ = {
			isa = PBXReferenceProxy;
			fileType = wrapper.application;
			path = Example.app;
			remoteRef = 369EEC931E68CFC00059042C /* PBXContainerItemProxy */;
			sourceTree = BUILT_PRODUCTS_DIR;
		};
		369EEC961E68CFC00059042C /* ExampleUITests.xctest */ = {
			isa = PBXReferenceProxy;
			fileType = wrapper.cfbundle;
			path = ExampleUITests.xctest;
			remoteRef = 369EEC951E68CFC00059042C /* PBXContainerItemProxy */;
			sourceTree = BUILT_PRODUCTS_DIR;
		};
		369EEC981E68CFC00059042C /* Example-Carthage.app */ = {
			isa = PBXReferenceProxy;
			fileType = wrapper.application;
			path = "Example-Carthage.app";
			remoteRef = 369EEC971E68CFC00059042C /* PBXContainerItemProxy */;
			sourceTree = BUILT_PRODUCTS_DIR;
		};
		369EEC9A1E68CFC00059042C /* Tests.xctest */ = {
			isa = PBXReferenceProxy;
			fileType = wrapper.cfbundle;
			path = Tests.xctest;
			remoteRef = 369EEC991E68CFC00059042C /* PBXContainerItemProxy */;
			sourceTree = BUILT_PRODUCTS_DIR;
		};
/* End PBXReferenceProxy section */

/* Begin PBXResourcesBuildPhase section */
		36C0CBCF1E689EB70087784E /* Resources */ = {
			isa = PBXResourcesBuildPhase;
			buildActionMask = 2147483647;
			files = (
				369EEC811E68CE9A0059042C /* Cartfile in Resources */,
				369EEC821E68CE9A0059042C /* Cartfile.resolved in Resources */,
				369EEC801E68CE9A0059042C /* .gitignore in Resources */,
				36C0CBDF1E689EB70087784E /* LaunchScreen.storyboard in Resources */,
				36C0CBDC1E689EB70087784E /* Assets.xcassets in Resources */,
				36C0CBDA1E689EB70087784E /* Main.storyboard in Resources */,
				369EECA41E68D14F0059042C /* SectionedCollectionView.storyboard in Resources */,
				36C0CC051E689F280087784E /* CollectionView.storyboard in Resources */,
			);
			runOnlyForDeploymentPostprocessing = 0;
		};
		36C0CBE31E689EB70087784E /* Resources */ = {
			isa = PBXResourcesBuildPhase;
			buildActionMask = 2147483647;
			files = (
			);
			runOnlyForDeploymentPostprocessing = 0;
		};
		36C0CBEE1E689EB70087784E /* Resources */ = {
			isa = PBXResourcesBuildPhase;
			buildActionMask = 2147483647;
			files = (
			);
			runOnlyForDeploymentPostprocessing = 0;
		};
/* End PBXResourcesBuildPhase section */

/* Begin PBXSourcesBuildPhase section */
		36C0CBCD1E689EB70087784E /* Sources */ = {
			isa = PBXSourcesBuildPhase;
			buildActionMask = 2147483647;
			files = (
				36C0CC031E689F0D0087784E /* CollectionViewController.swift in Sources */,
				369EECA01E68D0570059042C /* SectionedCollectionViewController.swift in Sources */,
				36C0CBD71E689EB70087784E /* ViewController.swift in Sources */,
				36C0CCB11E68B8560087784E /* CollectionViewCell.swift in Sources */,
				36C0CBD51E689EB70087784E /* AppDelegate.swift in Sources */,
				369EECAE1E68DB780059042C /* GameHeaderCollectionReusableView.swift in Sources */,
				369EECA21E68D07A0059042C /* GameInfo.swift in Sources */,
			);
			runOnlyForDeploymentPostprocessing = 0;
		};
		36C0CBE11E689EB70087784E /* Sources */ = {
			isa = PBXSourcesBuildPhase;
			buildActionMask = 2147483647;
			files = (
				36C0CCB21E68B8560087784E /* CollectionViewCell.swift in Sources */,
				36C0CBEA1E689EB70087784E /* CollectionViewExampleTests.swift in Sources */,
			);
			runOnlyForDeploymentPostprocessing = 0;
		};
		36C0CBEC1E689EB70087784E /* Sources */ = {
			isa = PBXSourcesBuildPhase;
			buildActionMask = 2147483647;
			files = (
				36C0CCB31E68B8560087784E /* CollectionViewCell.swift in Sources */,
				36C0CBF51E689EB80087784E /* CollectionViewExampleUITests.swift in Sources */,
			);
			runOnlyForDeploymentPostprocessing = 0;
		};
/* End PBXSourcesBuildPhase section */

/* Begin PBXTargetDependency section */
		369EEC771E68C0C00059042C /* PBXTargetDependency */ = {
			isa = PBXTargetDependency;
			name = "RxSwift-iOS";
			targetProxy = 369EEC761E68C0C00059042C /* PBXContainerItemProxy */;
		};
		369EEC7B1E68C0C00059042C /* PBXTargetDependency */ = {
			isa = PBXTargetDependency;
			name = "RxCocoa-iOS";
			targetProxy = 369EEC7A1E68C0C00059042C /* PBXContainerItemProxy */;
		};
		369EECAC1E68D3BE0059042C /* PBXTargetDependency */ = {
			isa = PBXTargetDependency;
			name = "RxDataSources-iOS";
			targetProxy = 369EECAB1E68D3BE0059042C /* PBXContainerItemProxy */;
		};
		36C0CBE71E689EB70087784E /* PBXTargetDependency */ = {
			isa = PBXTargetDependency;
			target = 36C0CBD01E689EB70087784E /* CollectionViewExample */;
			targetProxy = 36C0CBE61E689EB70087784E /* PBXContainerItemProxy */;
		};
		36C0CBF21E689EB70087784E /* PBXTargetDependency */ = {
			isa = PBXTargetDependency;
			target = 36C0CBD01E689EB70087784E /* CollectionViewExample */;
			targetProxy = 36C0CBF11E689EB70087784E /* PBXContainerItemProxy */;
		};
/* End PBXTargetDependency section */

/* Begin PBXVariantGroup section */
		36C0CBD81E689EB70087784E /* Main.storyboard */ = {
			isa = PBXVariantGroup;
			children = (
				36C0CBD91E689EB70087784E /* Base */,
			);
			name = Main.storyboard;
			sourceTree = "<group>";
		};
		36C0CBDD1E689EB70087784E /* LaunchScreen.storyboard */ = {
			isa = PBXVariantGroup;
			children = (
				36C0CBDE1E689EB70087784E /* Base */,
			);
			name = LaunchScreen.storyboard;
			sourceTree = "<group>";
		};
/* End PBXVariantGroup section */

/* Begin XCBuildConfiguration section */
		36C0CBF71E689EB80087784E /* Debug */ = {
			isa = XCBuildConfiguration;
			buildSettings = {
				ALWAYS_SEARCH_USER_PATHS = NO;
				CLANG_ANALYZER_NONNULL = YES;
				CLANG_CXX_LANGUAGE_STANDARD = "gnu++0x";
				CLANG_CXX_LIBRARY = "libc++";
				CLANG_ENABLE_MODULES = YES;
				CLANG_ENABLE_OBJC_ARC = YES;
				CLANG_WARN_BOOL_CONVERSION = YES;
				CLANG_WARN_CONSTANT_CONVERSION = YES;
				CLANG_WARN_DIRECT_OBJC_ISA_USAGE = YES_ERROR;
				CLANG_WARN_DOCUMENTATION_COMMENTS = YES;
				CLANG_WARN_EMPTY_BODY = YES;
				CLANG_WARN_ENUM_CONVERSION = YES;
				CLANG_WARN_INFINITE_RECURSION = YES;
				CLANG_WARN_INT_CONVERSION = YES;
				CLANG_WARN_OBJC_ROOT_CLASS = YES_ERROR;
				CLANG_WARN_SUSPICIOUS_MOVE = YES;
				CLANG_WARN_UNREACHABLE_CODE = YES;
				CLANG_WARN__DUPLICATE_METHOD_MATCH = YES;
				"CODE_SIGN_IDENTITY[sdk=iphoneos*]" = "iPhone Developer";
				COPY_PHASE_STRIP = NO;
				DEBUG_INFORMATION_FORMAT = dwarf;
				ENABLE_STRICT_OBJC_MSGSEND = YES;
				ENABLE_TESTABILITY = YES;
				GCC_C_LANGUAGE_STANDARD = gnu99;
				GCC_DYNAMIC_NO_PIC = NO;
				GCC_NO_COMMON_BLOCKS = YES;
				GCC_OPTIMIZATION_LEVEL = 0;
				GCC_PREPROCESSOR_DEFINITIONS = (
					"DEBUG=1",
					"$(inherited)",
				);
				GCC_WARN_64_TO_32_BIT_CONVERSION = YES;
				GCC_WARN_ABOUT_RETURN_TYPE = YES_ERROR;
				GCC_WARN_UNDECLARED_SELECTOR = YES;
				GCC_WARN_UNINITIALIZED_AUTOS = YES_AGGRESSIVE;
				GCC_WARN_UNUSED_FUNCTION = YES;
				GCC_WARN_UNUSED_VARIABLE = YES;
				IPHONEOS_DEPLOYMENT_TARGET = 10.2;
				MTL_ENABLE_DEBUG_INFO = YES;
				ONLY_ACTIVE_ARCH = YES;
				SDKROOT = iphoneos;
				SWIFT_ACTIVE_COMPILATION_CONDITIONS = DEBUG;
				SWIFT_OPTIMIZATION_LEVEL = "-Onone";
				TARGETED_DEVICE_FAMILY = "1,2";
			};
			name = Debug;
		};
		36C0CBF81E689EB80087784E /* Release */ = {
			isa = XCBuildConfiguration;
			buildSettings = {
				ALWAYS_SEARCH_USER_PATHS = NO;
				CLANG_ANALYZER_NONNULL = YES;
				CLANG_CXX_LANGUAGE_STANDARD = "gnu++0x";
				CLANG_CXX_LIBRARY = "libc++";
				CLANG_ENABLE_MODULES = YES;
				CLANG_ENABLE_OBJC_ARC = YES;
				CLANG_WARN_BOOL_CONVERSION = YES;
				CLANG_WARN_CONSTANT_CONVERSION = YES;
				CLANG_WARN_DIRECT_OBJC_ISA_USAGE = YES_ERROR;
				CLANG_WARN_DOCUMENTATION_COMMENTS = YES;
				CLANG_WARN_EMPTY_BODY = YES;
				CLANG_WARN_ENUM_CONVERSION = YES;
				CLANG_WARN_INFINITE_RECURSION = YES;
				CLANG_WARN_INT_CONVERSION = YES;
				CLANG_WARN_OBJC_ROOT_CLASS = YES_ERROR;
				CLANG_WARN_SUSPICIOUS_MOVE = YES;
				CLANG_WARN_UNREACHABLE_CODE = YES;
				CLANG_WARN__DUPLICATE_METHOD_MATCH = YES;
				"CODE_SIGN_IDENTITY[sdk=iphoneos*]" = "iPhone Developer";
				COPY_PHASE_STRIP = NO;
				DEBUG_INFORMATION_FORMAT = "dwarf-with-dsym";
				ENABLE_NS_ASSERTIONS = NO;
				ENABLE_STRICT_OBJC_MSGSEND = YES;
				GCC_C_LANGUAGE_STANDARD = gnu99;
				GCC_NO_COMMON_BLOCKS = YES;
				GCC_WARN_64_TO_32_BIT_CONVERSION = YES;
				GCC_WARN_ABOUT_RETURN_TYPE = YES_ERROR;
				GCC_WARN_UNDECLARED_SELECTOR = YES;
				GCC_WARN_UNINITIALIZED_AUTOS = YES_AGGRESSIVE;
				GCC_WARN_UNUSED_FUNCTION = YES;
				GCC_WARN_UNUSED_VARIABLE = YES;
				IPHONEOS_DEPLOYMENT_TARGET = 10.2;
				MTL_ENABLE_DEBUG_INFO = NO;
				SDKROOT = iphoneos;
				SWIFT_OPTIMIZATION_LEVEL = "-Owholemodule";
				TARGETED_DEVICE_FAMILY = "1,2";
				VALIDATE_PRODUCT = YES;
			};
			name = Release;
		};
		36C0CBFA1E689EB80087784E /* Debug */ = {
			isa = XCBuildConfiguration;
			buildSettings = {
				ALWAYS_EMBED_SWIFT_STANDARD_LIBRARIES = YES;
				ASSETCATALOG_COMPILER_APPICON_NAME = AppIcon;
				DEVELOPMENT_TEAM = 4Q93294747;
				FRAMEWORK_SEARCH_PATHS = (
					"$(inherited)",
					"$(PROJECT_DIR)/Carthage/Build/iOS",
				);
				INFOPLIST_FILE = CollectionViewExample/Info.plist;
				LD_RUNPATH_SEARCH_PATHS = "$(inherited) @executable_path/Frameworks";
				PRODUCT_BUNDLE_IDENTIFIER = co.lexilabs.CollectionViewExample;
				PRODUCT_NAME = "$(TARGET_NAME)";
				SWIFT_VERSION = 3.0;
			};
			name = Debug;
		};
		36C0CBFB1E689EB80087784E /* Release */ = {
			isa = XCBuildConfiguration;
			buildSettings = {
				ALWAYS_EMBED_SWIFT_STANDARD_LIBRARIES = YES;
				ASSETCATALOG_COMPILER_APPICON_NAME = AppIcon;
				DEVELOPMENT_TEAM = 4Q93294747;
				FRAMEWORK_SEARCH_PATHS = (
					"$(inherited)",
					"$(PROJECT_DIR)/Carthage/Build/iOS",
				);
				INFOPLIST_FILE = CollectionViewExample/Info.plist;
				LD_RUNPATH_SEARCH_PATHS = "$(inherited) @executable_path/Frameworks";
				PRODUCT_BUNDLE_IDENTIFIER = co.lexilabs.CollectionViewExample;
				PRODUCT_NAME = "$(TARGET_NAME)";
				SWIFT_VERSION = 3.0;
			};
			name = Release;
		};
		36C0CBFD1E689EB80087784E /* Debug */ = {
			isa = XCBuildConfiguration;
			buildSettings = {
				ALWAYS_EMBED_SWIFT_STANDARD_LIBRARIES = YES;
				BUNDLE_LOADER = "$(TEST_HOST)";
				DEVELOPMENT_TEAM = 4Q93294747;
				FRAMEWORK_SEARCH_PATHS = (
					"$(inherited)",
					"$(PROJECT_DIR)/Carthage/Build/iOS",
				);
				INFOPLIST_FILE = CollectionViewExampleTests/Info.plist;
				LD_RUNPATH_SEARCH_PATHS = "$(inherited) @executable_path/Frameworks @loader_path/Frameworks";
				PRODUCT_BUNDLE_IDENTIFIER = co.lexilabs.CollectionViewExampleTests;
				PRODUCT_NAME = "$(TARGET_NAME)";
				SWIFT_VERSION = 3.0;
				TEST_HOST = "$(BUILT_PRODUCTS_DIR)/CollectionViewExample.app/CollectionViewExample";
			};
			name = Debug;
		};
		36C0CBFE1E689EB80087784E /* Release */ = {
			isa = XCBuildConfiguration;
			buildSettings = {
				ALWAYS_EMBED_SWIFT_STANDARD_LIBRARIES = YES;
				BUNDLE_LOADER = "$(TEST_HOST)";
				DEVELOPMENT_TEAM = 4Q93294747;
				FRAMEWORK_SEARCH_PATHS = (
					"$(inherited)",
					"$(PROJECT_DIR)/Carthage/Build/iOS",
				);
				INFOPLIST_FILE = CollectionViewExampleTests/Info.plist;
				LD_RUNPATH_SEARCH_PATHS = "$(inherited) @executable_path/Frameworks @loader_path/Frameworks";
				PRODUCT_BUNDLE_IDENTIFIER = co.lexilabs.CollectionViewExampleTests;
				PRODUCT_NAME = "$(TARGET_NAME)";
				SWIFT_VERSION = 3.0;
				TEST_HOST = "$(BUILT_PRODUCTS_DIR)/CollectionViewExample.app/CollectionViewExample";
			};
			name = Release;
		};
		36C0CC001E689EB80087784E /* Debug */ = {
			isa = XCBuildConfiguration;
			buildSettings = {
				ALWAYS_EMBED_SWIFT_STANDARD_LIBRARIES = YES;
				DEVELOPMENT_TEAM = 4Q93294747;
				FRAMEWORK_SEARCH_PATHS = (
					"$(inherited)",
					"$(PROJECT_DIR)/Carthage/Build/iOS",
				);
				INFOPLIST_FILE = CollectionViewExampleUITests/Info.plist;
				LD_RUNPATH_SEARCH_PATHS = "$(inherited) @executable_path/Frameworks @loader_path/Frameworks";
				PRODUCT_BUNDLE_IDENTIFIER = co.lexilabs.CollectionViewExampleUITests;
				PRODUCT_NAME = "$(TARGET_NAME)";
				SWIFT_VERSION = 3.0;
				TEST_TARGET_NAME = CollectionViewExample;
			};
			name = Debug;
		};
		36C0CC011E689EB80087784E /* Release */ = {
			isa = XCBuildConfiguration;
			buildSettings = {
				ALWAYS_EMBED_SWIFT_STANDARD_LIBRARIES = YES;
				DEVELOPMENT_TEAM = 4Q93294747;
				FRAMEWORK_SEARCH_PATHS = (
					"$(inherited)",
					"$(PROJECT_DIR)/Carthage/Build/iOS",
				);
				INFOPLIST_FILE = CollectionViewExampleUITests/Info.plist;
				LD_RUNPATH_SEARCH_PATHS = "$(inherited) @executable_path/Frameworks @loader_path/Frameworks";
				PRODUCT_BUNDLE_IDENTIFIER = co.lexilabs.CollectionViewExampleUITests;
				PRODUCT_NAME = "$(TARGET_NAME)";
				SWIFT_VERSION = 3.0;
				TEST_TARGET_NAME = CollectionViewExample;
			};
			name = Release;
		};
/* End XCBuildConfiguration section */

/* Begin XCConfigurationList section */
		36C0CBCC1E689EB70087784E /* Build configuration list for PBXProject "CollectionViewExample" */ = {
			isa = XCConfigurationList;
			buildConfigurations = (
				36C0CBF71E689EB80087784E /* Debug */,
				36C0CBF81E689EB80087784E /* Release */,
			);
			defaultConfigurationIsVisible = 0;
			defaultConfigurationName = Release;
		};
		36C0CBF91E689EB80087784E /* Build configuration list for PBXNativeTarget "CollectionViewExample" */ = {
			isa = XCConfigurationList;
			buildConfigurations = (
				36C0CBFA1E689EB80087784E /* Debug */,
				36C0CBFB1E689EB80087784E /* Release */,
			);
			defaultConfigurationIsVisible = 0;
			defaultConfigurationName = Release;
		};
		36C0CBFC1E689EB80087784E /* Build configuration list for PBXNativeTarget "CollectionViewExampleTests" */ = {
			isa = XCConfigurationList;
			buildConfigurations = (
				36C0CBFD1E689EB80087784E /* Debug */,
				36C0CBFE1E689EB80087784E /* Release */,
			);
			defaultConfigurationIsVisible = 0;
			defaultConfigurationName = Release;
		};
		36C0CBFF1E689EB80087784E /* Build configuration list for PBXNativeTarget "CollectionViewExampleUITests" */ = {
			isa = XCConfigurationList;
			buildConfigurations = (
				36C0CC001E689EB80087784E /* Debug */,
				36C0CC011E689EB80087784E /* Release */,
			);
			defaultConfigurationIsVisible = 0;
			defaultConfigurationName = Release;
		};
/* End XCConfigurationList section */
	};
	rootObject = 36C0CBC91E689EB70087784E /* Project object */;
}
